// !$*UTF8*$!
{
	archiveVersion = 1;
	classes = {
	};
	objectVersion = 50;
	objects = {

/* Begin PBXBuildFile section */
		4267C58321B8A07500561B54 /* AttachPhotoViewController.swift in Sources */ = {isa = PBXBuildFile; fileRef = 4267C58221B8A07500561B54 /* AttachPhotoViewController.swift */; };
		426C789A2176F3CF00808A80 /* AppDelegate.swift in Sources */ = {isa = PBXBuildFile; fileRef = 426C78992176F3CF00808A80 /* AppDelegate.swift */; };
		426C789C2176F3CF00808A80 /* TableViewController.swift in Sources */ = {isa = PBXBuildFile; fileRef = 426C789B2176F3CF00808A80 /* TableViewController.swift */; };
		426C789F2176F3D000808A80 /* Main.storyboard in Resources */ = {isa = PBXBuildFile; fileRef = 426C789D2176F3D000808A80 /* Main.storyboard */; };
		426C78A42176F3D300808A80 /* Assets.xcassets in Resources */ = {isa = PBXBuildFile; fileRef = 426C78A32176F3D300808A80 /* Assets.xcassets */; };
		426C78A72176F3D300808A80 /* LaunchScreen.storyboard in Resources */ = {isa = PBXBuildFile; fileRef = 426C78A52176F3D300808A80 /* LaunchScreen.storyboard */; };
		426C78AF2176FC8A00808A80 /* CoreDataStack.swift in Sources */ = {isa = PBXBuildFile; fileRef = 426C78AE2176FC8A00808A80 /* CoreDataStack.swift */; };
		426C78B12177C42700808A80 /* BookCell.swift in Sources */ = {isa = PBXBuildFile; fileRef = 426C78B02177C42700808A80 /* BookCell.swift */; };
		426C78B921783F3900808A80 /* FilterViewController.swift in Sources */ = {isa = PBXBuildFile; fileRef = 426C78B821783F3900808A80 /* FilterViewController.swift */; };
		428CC6BC21B04FFA00A0474E /* DetailViewController.swift in Sources */ = {isa = PBXBuildFile; fileRef = 428CC6BB21B04FFA00A0474E /* DetailViewController.swift */; };
		42BA18F62185031E00CA312E /* Library.xcdatamodeld in Sources */ = {isa = PBXBuildFile; fileRef = 42BA18F42185031E00CA312E /* Library.xcdatamodeld */; };
		42BA18F9218503BB00CA312E /* Book+CoreDataClass.swift in Sources */ = {isa = PBXBuildFile; fileRef = 42BA18F7218503BA00CA312E /* Book+CoreDataClass.swift */; };
		42BA18FA218503BB00CA312E /* Book+CoreDataProperties.swift in Sources */ = {isa = PBXBuildFile; fileRef = 42BA18F8218503BB00CA312E /* Book+CoreDataProperties.swift */; };
/* End PBXBuildFile section */

/* Begin PBXFileReference section */
		4267C58221B8A07500561B54 /* AttachPhotoViewController.swift */ = {isa = PBXFileReference; lastKnownFileType = sourcecode.swift; path = AttachPhotoViewController.swift; sourceTree = "<group>"; };
		426C78962176F3CF00808A80 /* Assignment3.app */ = {isa = PBXFileReference; explicitFileType = wrapper.application; includeInIndex = 0; path = Assignment3.app; sourceTree = BUILT_PRODUCTS_DIR; };
		426C78992176F3CF00808A80 /* AppDelegate.swift */ = {isa = PBXFileReference; lastKnownFileType = sourcecode.swift; path = AppDelegate.swift; sourceTree = "<group>"; };
		426C789B2176F3CF00808A80 /* TableViewController.swift */ = {isa = PBXFileReference; lastKnownFileType = sourcecode.swift; path = TableViewController.swift; sourceTree = "<group>"; };
		426C789E2176F3D000808A80 /* Base */ = {isa = PBXFileReference; lastKnownFileType = file.storyboard; name = Base; path = Base.lproj/Main.storyboard; sourceTree = "<group>"; };
		426C78A32176F3D300808A80 /* Assets.xcassets */ = {isa = PBXFileReference; lastKnownFileType = folder.assetcatalog; path = Assets.xcassets; sourceTree = "<group>"; };
		426C78A62176F3D300808A80 /* Base */ = {isa = PBXFileReference; lastKnownFileType = file.storyboard; name = Base; path = Base.lproj/LaunchScreen.storyboard; sourceTree = "<group>"; };
		426C78A82176F3D300808A80 /* Info.plist */ = {isa = PBXFileReference; lastKnownFileType = text.plist.xml; path = Info.plist; sourceTree = "<group>"; };
		426C78AE2176FC8A00808A80 /* CoreDataStack.swift */ = {isa = PBXFileReference; lastKnownFileType = sourcecode.swift; path = CoreDataStack.swift; sourceTree = "<group>"; };
		426C78B02177C42700808A80 /* BookCell.swift */ = {isa = PBXFileReference; lastKnownFileType = sourcecode.swift; path = BookCell.swift; sourceTree = "<group>"; };
		426C78B821783F3900808A80 /* FilterViewController.swift */ = {isa = PBXFileReference; lastKnownFileType = sourcecode.swift; path = FilterViewController.swift; sourceTree = "<group>"; };
		428CC6BB21B04FFA00A0474E /* DetailViewController.swift */ = {isa = PBXFileReference; lastKnownFileType = sourcecode.swift; path = DetailViewController.swift; sourceTree = "<group>"; };
		42BA18F52185031E00CA312E /* Library.xcdatamodel */ = {isa = PBXFileReference; lastKnownFileType = wrapper.xcdatamodel; path = Library.xcdatamodel; sourceTree = "<group>"; };
		42BA18F7218503BA00CA312E /* Book+CoreDataClass.swift */ = {isa = PBXFileReference; lastKnownFileType = sourcecode.swift; name = "Book+CoreDataClass.swift"; path = "../Book+CoreDataClass.swift"; sourceTree = "<group>"; };
		42BA18F8218503BB00CA312E /* Book+CoreDataProperties.swift */ = {isa = PBXFileReference; lastKnownFileType = sourcecode.swift; name = "Book+CoreDataProperties.swift"; path = "../Book+CoreDataProperties.swift"; sourceTree = "<group>"; };
/* End PBXFileReference section */

/* Begin PBXFrameworksBuildPhase section */
		426C78932176F3CF00808A80 /* Frameworks */ = {
			isa = PBXFrameworksBuildPhase;
			buildActionMask = 2147483647;
			files = (
			);
			runOnlyForDeploymentPostprocessing = 0;
		};
/* End PBXFrameworksBuildPhase section */

/* Begin PBXGroup section */
		426C788D2176F3CF00808A80 = {
			isa = PBXGroup;
			children = (
				426C78982176F3CF00808A80 /* Assignment3 */,
				426C78972176F3CF00808A80 /* Products */,
			);
			sourceTree = "<group>";
		};
		426C78972176F3CF00808A80 /* Products */ = {
			isa = PBXGroup;
			children = (
				426C78962176F3CF00808A80 /* Assignment3.app */,
			);
			name = Products;
			sourceTree = "<group>";
		};
		426C78982176F3CF00808A80 /* Assignment3 */ = {
			isa = PBXGroup;
			children = (
				426C78992176F3CF00808A80 /* AppDelegate.swift */,
				426C78B02177C42700808A80 /* BookCell.swift */,
				426C789B2176F3CF00808A80 /* TableViewController.swift */,
				428CC6BB21B04FFA00A0474E /* DetailViewController.swift */,
				4267C58221B8A07500561B54 /* AttachPhotoViewController.swift */,
				426C78B821783F3900808A80 /* FilterViewController.swift */,
				426C78AE2176FC8A00808A80 /* CoreDataStack.swift */,
				42BA18F7218503BA00CA312E /* Book+CoreDataClass.swift */,
				42BA18F8218503BB00CA312E /* Book+CoreDataProperties.swift */,
				426C789D2176F3D000808A80 /* Main.storyboard */,
				426C78A32176F3D300808A80 /* Assets.xcassets */,
				426C78A52176F3D300808A80 /* LaunchScreen.storyboard */,
				426C78A82176F3D300808A80 /* Info.plist */,
				42BA18F42185031E00CA312E /* Library.xcdatamodeld */,
			);
			path = Assignment3;
			sourceTree = "<group>";
		};
/* End PBXGroup section */

/* Begin PBXNativeTarget section */
		426C78952176F3CF00808A80 /* Assignment3 */ = {
			isa = PBXNativeTarget;
			buildConfigurationList = 426C78AB2176F3D300808A80 /* Build configuration list for PBXNativeTarget "Assignment3" */;
			buildPhases = (
				426C78922176F3CF00808A80 /* Sources */,
				426C78932176F3CF00808A80 /* Frameworks */,
				426C78942176F3CF00808A80 /* Resources */,
			);
			buildRules = (
			);
			dependencies = (
			);
			name = Assignment3;
			productName = Assignment3;
			productReference = 426C78962176F3CF00808A80 /* Assignment3.app */;
			productType = "com.apple.product-type.application";
		};
/* End PBXNativeTarget section */

/* Begin PBXProject section */
		426C788E2176F3CF00808A80 /* Project object */ = {
			isa = PBXProject;
			attributes = {
				LastSwiftUpdateCheck = 0940;
				LastUpgradeCheck = 0940;
				ORGANIZATIONNAME = "Northern Illinois University";
				TargetAttributes = {
					426C78952176F3CF00808A80 = {
						CreatedOnToolsVersion = 9.4.1;
					};
				};
			};
			buildConfigurationList = 426C78912176F3CF00808A80 /* Build configuration list for PBXProject "Assignment3" */;
			compatibilityVersion = "Xcode 9.3";
			developmentRegion = en;
			hasScannedForEncodings = 0;
			knownRegions = (
				en,
				Base,
			);
			mainGroup = 426C788D2176F3CF00808A80;
			productRefGroup = 426C78972176F3CF00808A80 /* Products */;
			projectDirPath = "";
			projectRoot = "";
			targets = (
				426C78952176F3CF00808A80 /* Assignment3 */,
			);
		};
/* End PBXProject section */

/* Begin PBXResourcesBuildPhase section */
		426C78942176F3CF00808A80 /* Resources */ = {
			isa = PBXResourcesBuildPhase;
			buildActionMask = 2147483647;
			files = (
				426C78A72176F3D300808A80 /* LaunchScreen.storyboard in Resources */,
				426C78A42176F3D300808A80 /* Assets.xcassets in Resources */,
				426C789F2176F3D000808A80 /* Main.storyboard in Resources */,
			);
			runOnlyForDeploymentPostprocessing = 0;
		};
/* End PBXResourcesBuildPhase section */

/* Begin PBXSourcesBuildPhase section */
		426C78922176F3CF00808A80 /* Sources */ = {
			isa = PBXSourcesBuildPhase;
			buildActionMask = 2147483647;
			files = (
				428CC6BC21B04FFA00A0474E /* DetailViewController.swift in Sources */,
				426C789C2176F3CF00808A80 /* TableViewController.swift in Sources */,
				426C78B921783F3900808A80 /* FilterViewController.swift in Sources */,
				42BA18F9218503BB00CA312E /* Book+CoreDataClass.swift in Sources */,
				4267C58321B8A07500561B54 /* AttachPhotoViewController.swift in Sources */,
				426C789A2176F3CF00808A80 /* AppDelegate.swift in Sources */,
				426C78AF2176FC8A00808A80 /* CoreDataStack.swift in Sources */,
				426C78B12177C42700808A80 /* BookCell.swift in Sources */,
				42BA18FA218503BB00CA312E /* Book+CoreDataProperties.swift in Sources */,
				42BA18F62185031E00CA312E /* Library.xcdatamodeld in Sources */,
			);
			runOnlyForDeploymentPostprocessing = 0;
		};
/* End PBXSourcesBuildPhase section */

/* Begin PBXVariantGroup section */
		426C789D2176F3D000808A80 /* Main.storyboard */ = {
			isa = PBXVariantGroup;
			children = (
				426C789E2176F3D000808A80 /* Base */,
			);
			name = Main.storyboard;
			sourceTree = "<group>";
		};
		426C78A52176F3D300808A80 /* LaunchScreen.storyboard */ = {
			isa = PBXVariantGroup;
			children = (
				426C78A62176F3D300808A80 /* Base */,
			);
			name = LaunchScreen.storyboard;
			sourceTree = "<group>";
		};
/* End PBXVariantGroup section */

/* Begin XCBuildConfiguration section */
		426C78A92176F3D300808A80 /* Debug */ = {
			isa = XCBuildConfiguration;
			buildSettings = {
				ALWAYS_SEARCH_USER_PATHS = NO;
				CLANG_ANALYZER_NONNULL = YES;
				CLANG_ANALYZER_NUMBER_OBJECT_CONVERSION = YES_AGGRESSIVE;
				CLANG_CXX_LANGUAGE_STANDARD = "gnu++14";
				CLANG_CXX_LIBRARY = "libc++";
				CLANG_ENABLE_MODULES = YES;
				CLANG_ENABLE_OBJC_ARC = YES;
				CLANG_ENABLE_OBJC_WEAK = YES;
				CLANG_WARN_BLOCK_CAPTURE_AUTORELEASING = YES;
				CLANG_WARN_BOOL_CONVERSION = YES;
				CLANG_WARN_COMMA = YES;
				CLANG_WARN_CONSTANT_CONVERSION = YES;
				CLANG_WARN_DEPRECATED_OBJC_IMPLEMENTATIONS = YES;
				CLANG_WARN_DIRECT_OBJC_ISA_USAGE = YES_ERROR;
				CLANG_WARN_DOCUMENTATION_COMMENTS = YES;
				CLANG_WARN_EMPTY_BODY = YES;
				CLANG_WARN_ENUM_CONVERSION = YES;
				CLANG_WARN_INFINITE_RECURSION = YES;
				CLANG_WARN_INT_CONVERSION = YES;
				CLANG_WARN_NON_LITERAL_NULL_CONVERSION = YES;
				CLANG_WARN_OBJC_IMPLICIT_RETAIN_SELF = YES;
				CLANG_WARN_OBJC_LITERAL_CONVERSION = YES;
				CLANG_WARN_OBJC_ROOT_CLASS = YES_ERROR;
				CLANG_WARN_RANGE_LOOP_ANALYSIS = YES;
				CLANG_WARN_STRICT_PROTOTYPES = YES;
				CLANG_WARN_SUSPICIOUS_MOVE = YES;
				CLANG_WARN_UNGUARDED_AVAILABILITY = YES_AGGRESSIVE;
				CLANG_WARN_UNREACHABLE_CODE = YES;
				CLANG_WARN__DUPLICATE_METHOD_MATCH = YES;
				CODE_SIGN_IDENTITY = "iPhone Developer";
				COPY_PHASE_STRIP = NO;
				DEBUG_INFORMATION_FORMAT = dwarf;
				ENABLE_STRICT_OBJC_MSGSEND = YES;
				ENABLE_TESTABILITY = YES;
				GCC_C_LANGUAGE_STANDARD = gnu11;
				GCC_DYNAMIC_NO_PIC = NO;
				GCC_NO_COMMON_BLOCKS = YES;
				GCC_OPTIMIZATION_LEVEL = 0;
				GCC_PREPROCESSOR_DEFINITIONS = (
					"DEBUG=1",
					"$(inherited)",
				);
				GCC_WARN_64_TO_32_BIT_CONVERSION = YES;
				GCC_WARN_ABOUT_RETURN_TYPE = YES_ERROR;
				GCC_WARN_UNDECLARED_SELECTOR = YES;
				GCC_WARN_UNINITIALIZED_AUTOS = YES_AGGRESSIVE;
				GCC_WARN_UNUSED_FUNCTION = YES;
				GCC_WARN_UNUSED_VARIABLE = YES;
				IPHONEOS_DEPLOYMENT_TARGET = 11.4;
				MTL_ENABLE_DEBUG_INFO = YES;
				ONLY_ACTIVE_ARCH = YES;
				SDKROOT = iphoneos;
				SWIFT_ACTIVE_COMPILATION_CONDITIONS = DEBUG;
				SWIFT_OPTIMIZATION_LEVEL = "-Onone";
			};
			name = Debug;
		};
		426C78AA2176F3D300808A80 /* Release */ = {
			isa = XCBuildConfiguration;
			buildSettings = {
				ALWAYS_SEARCH_USER_PATHS = NO;
				CLANG_ANALYZER_NONNULL = YES;
				CLANG_ANALYZER_NUMBER_OBJECT_CONVERSION = YES_AGGRESSIVE;
				CLANG_CXX_LANGUAGE_STANDARD = "gnu++14";
				CLANG_CXX_LIBRARY = "libc++";
				CLANG_ENABLE_MODULES = YES;
				CLANG_ENABLE_OBJC_ARC = YES;
				CLANG_ENABLE_OBJC_WEAK = YES;
				CLANG_WARN_BLOCK_CAPTURE_AUTORELEASING = YES;
				CLANG_WARN_BOOL_CONVERSION = YES;
				CLANG_WARN_COMMA = YES;
				CLANG_WARN_CONSTANT_CONVERSION = YES;
				CLANG_WARN_DEPRECATED_OBJC_IMPLEMENTATIONS = YES;
				CLANG_WARN_DIRECT_OBJC_ISA_USAGE = YES_ERROR;
				CLANG_WARN_DOCUMENTATION_COMMENTS = YES;
				CLANG_WARN_EMPTY_BODY = YES;
				CLANG_WARN_ENUM_CONVERSION = YES;
				CLANG_WARN_INFINITE_RECURSION = YES;
				CLANG_WARN_INT_CONVERSION = YES;
				CLANG_WARN_NON_LITERAL_NULL_CONVERSION = YES;
				CLANG_WARN_OBJC_IMPLICIT_RETAIN_SELF = YES;
				CLANG_WARN_OBJC_LITERAL_CONVERSION = YES;
				CLANG_WARN_OBJC_ROOT_CLASS = YES_ERROR;
				CLANG_WARN_RANGE_LOOP_ANALYSIS = YES;
				CLANG_WARN_STRICT_PROTOTYPES = YES;
				CLANG_WARN_SUSPICIOUS_MOVE = YES;
				CLANG_WARN_UNGUARDED_AVAILABILITY = YES_AGGRESSIVE;
				CLANG_WARN_UNREACHABLE_CODE = YES;
				CLANG_WARN__DUPLICATE_METHOD_MATCH = YES;
				CODE_SIGN_IDENTITY = "iPhone Developer";
				COPY_PHASE_STRIP = NO;
				DEBUG_INFORMATION_FORMAT = "dwarf-with-dsym";
				ENABLE_NS_ASSERTIONS = NO;
				ENABLE_STRICT_OBJC_MSGSEND = YES;
				GCC_C_LANGUAGE_STANDARD = gnu11;
				GCC_NO_COMMON_BLOCKS = YES;
				GCC_WARN_64_TO_32_BIT_CONVERSION = YES;
				GCC_WARN_ABOUT_RETURN_TYPE = YES_ERROR;
				GCC_WARN_UNDECLARED_SELECTOR = YES;
				GCC_WARN_UNINITIALIZED_AUTOS = YES_AGGRESSIVE;
				GCC_WARN_UNUSED_FUNCTION = YES;
				GCC_WARN_UNUSED_VARIABLE = YES;
				IPHONEOS_DEPLOYMENT_TARGET = 11.4;
				MTL_ENABLE_DEBUG_INFO = NO;
				SDKROOT = iphoneos;
				SWIFT_COMPILATION_MODE = wholemodule;
				SWIFT_OPTIMIZATION_LEVEL = "-O";
				VALIDATE_PRODUCT = YES;
			};
			name = Release;
		};
		426C78AC2176F3D300808A80 /* Debug */ = {
			isa = XCBuildConfiguration;
			buildSettings = {
				ASSETCATALOG_COMPILER_APPICON_NAME = AppIcon;
				CODE_SIGN_STYLE = Automatic;
				DEVELOPMENT_TEAM = 58V3WNR72P;
				INFOPLIST_FILE = Assignment3/Info.plist;
				LD_RUNPATH_SEARCH_PATHS = (
					"$(inherited)",
					"@executable_path/Frameworks",
				);
				PRODUCT_BUNDLE_IDENTIFIER = "com.gmail-joshuaaaronflores.Assignment3";
				PRODUCT_NAME = "$(TARGET_NAME)";
				SWIFT_VERSION = 4.0;
				TARGETED_DEVICE_FAMILY = "1,2";
			};
			name = Debug;
		};
		426C78AD2176F3D300808A80 /* Release */ = {
			isa = XCBuildConfiguration;
			buildSettings = {
				ASSETCATALOG_COMPILER_APPICON_NAME = AppIcon;
				CODE_SIGN_STYLE = Automatic;
				DEVELOPMENT_TEAM = 58V3WNR72P;
				INFOPLIST_FILE = Assignment3/Info.plist;
				LD_RUNPATH_SEARCH_PATHS = (
					"$(inherited)",
					"@executable_path/Frameworks",
				);
				PRODUCT_BUNDLE_IDENTIFIER = "com.gmail-joshuaaaronflores.Assignment3";
				PRODUCT_NAME = "$(TARGET_NAME)";
				SWIFT_VERSION = 4.0;
				TARGETED_DEVICE_FAMILY = "1,2";
			};
			name = Release;
		};
/* End XCBuildConfiguration section */

/* Begin XCConfigurationList section */
		426C78912176F3CF00808A80 /* Build configuration list for PBXProject "Assignment3" */ = {
			isa = XCConfigurationList;
			buildConfigurations = (
				426C78A92176F3D300808A80 /* Debug */,
				426C78AA2176F3D300808A80 /* Release */,
			);
			defaultConfigurationIsVisible = 0;
			defaultConfigurationName = Release;
		};
		426C78AB2176F3D300808A80 /* Build configuration list for PBXNativeTarget "Assignment3" */ = {
			isa = XCConfigurationList;
			buildConfigurations = (
				426C78AC2176F3D300808A80 /* Debug */,
				426C78AD2176F3D300808A80 /* Release */,
			);
			defaultConfigurationIsVisible = 0;
			defaultConfigurationName = Release;
		};
/* End XCConfigurationList section */

/* Begin XCVersionGroup section */
		42BA18F42185031E00CA312E /* Library.xcdatamodeld */ = {
			isa = XCVersionGroup;
			children = (
				42BA18F52185031E00CA312E /* Library.xcdatamodel */,
			);
			currentVersion = 42BA18F52185031E00CA312E /* Library.xcdatamodel */;
			name = Library.xcdatamodeld;
			path = ../Library.xcdatamodeld;
			sourceTree = "<group>";
			versionGroupType = wrapper.xcdatamodel;
		};
/* End XCVersionGroup section */
	};
	rootObject = 426C788E2176F3CF00808A80 /* Project object */;
}
